
Microsoft Visual Studio Solution File, Format Version 12.00
# Visual Studio Version 17
VisualStudioVersion = 17.8.34601.278
MinimumVisualStudioVersion = 10.0.40219.1
Project("{FAE04EC0-301F-11D3-BF4B-00C04F79EFBC}") = "StateManagementDaprIO", "StateManagementDaprIO\StateManagementDaprIO.csproj", "{6499FDAA-7523-41EF-BA48-FEB6A43E814B}"
EndProject
Global
	GlobalSection(SolutionConfigurationPlatforms) = preSolution
		Debug|Any CPU = Debug|Any CPU
		Release|Any CPU = Release|Any CPU
	EndGlobalSection
	GlobalSection(ProjectConfigurationPlatforms) = postSolution
		{6499FDAA-7523-41EF-BA48-FEB6A43E814B}.Debug|Any CPU.ActiveCfg = Debug|Any CPU
		{6499FDAA-7523-41EF-BA48-FEB6A43E814B}.Debug|Any CPU.Build.0 = Debug|Any CPU
		{6499FDAA-7523-41EF-BA48-FEB6A43E814B}.Release|Any CPU.ActiveCfg = Release|Any CPU
		{6499FDAA-7523-41EF-BA48-FEB6A43E814B}.Release|Any CPU.Build.0 = Release|Any CPU
	EndGlobalSection
	GlobalSection(SolutionProperties) = preSolution
		HideSolutionNode = FALSE
	EndGlobalSection
	GlobalSection(ExtensibilityGlobals) = postSolution
		SolutionGuid = {8E83B2E5-9D4D-4A98-A1B8-89E0E903FDD3}
	EndGlobalSection
EndGlobal
